
Microsoft Visual Studio Solution File, Format Version 12.00
# Visual Studio 15
VisualStudioVersion = 15.0.26730.16
MinimumVisualStudioVersion = 10.0.40219.1
Project("{FAE04EC0-301F-11D3-BF4B-00C04F79EFBC}") = "MftReader", "MftReader\MftReader.csproj", "{2B839E43-B842-42D8-9307-2FB159563790}"
EndProject
Project("{FAE04EC0-301F-11D3-BF4B-00C04F79EFBC}") = "MftReaderTests", "MftReaderTests\MftReaderTests.csproj", "{F5E2BC5B-F246-488B-83DB-1D684A94EAD2}"
EndProject
Global
	GlobalSection(SolutionConfigurationPlatforms) = preSolution
		Debug|Any CPU = Debug|Any CPU
		Release|Any CPU = Release|Any CPU
	EndGlobalSection
	GlobalSection(ProjectConfigurationPlatforms) = postSolution
		{2B839E43-B842-42D8-9307-2FB159563790}.Debug|Any CPU.ActiveCfg = Debug|Any CPU
		{2B839E43-B842-42D8-9307-2FB159563790}.Debug|Any CPU.Build.0 = Debug|Any CPU
		{2B839E43-B842-42D8-9307-2FB159563790}.Release|Any CPU.ActiveCfg = Release|Any CPU
		{2B839E43-B842-42D8-9307-2FB159563790}.Release|Any CPU.Build.0 = Release|Any CPU
		{F5E2BC5B-F246-488B-83DB-1D684A94EAD2}.Debug|Any CPU.ActiveCfg = Debug|Any CPU
		{F5E2BC5B-F246-488B-83DB-1D684A94EAD2}.Debug|Any CPU.Build.0 = Debug|Any CPU
		{F5E2BC5B-F246-488B-83DB-1D684A94EAD2}.Release|Any CPU.ActiveCfg = Release|Any CPU
		{F5E2BC5B-F246-488B-83DB-1D684A94EAD2}.Release|Any CPU.Build.0 = Release|Any CPU
	EndGlobalSection
	GlobalSection(SolutionProperties) = preSolution
		HideSolutionNode = FALSE
	EndGlobalSection
	GlobalSection(ExtensibilityGlobals) = postSolution
		SolutionGuid = {F08BF9F3-5BDE-4C0B-94BB-DB51F5A5614B}
	EndGlobalSection
EndGlobal
